// !$*UTF8*$!
{
	archiveVersion = 1;
	classes = {
	};
	objectVersion = 48;
	objects = {

/* Begin PBXBuildFile section */
		8B5F945D20572B0900FE660B /* Concentration.swift in Sources */ = {isa = PBXBuildFile; fileRef = 8B5F945C20572B0900FE660B /* Concentration.swift */; };
		8B5F945F20572BC900FE660B /* Card.swift in Sources */ = {isa = PBXBuildFile; fileRef = 8B5F945E20572BC900FE660B /* Card.swift */; };
		8BE4CA1C205616970000D0E8 /* AppDelegate.swift in Sources */ = {isa = PBXBuildFile; fileRef = 8BE4CA1B205616970000D0E8 /* AppDelegate.swift */; };
		8BE4CA1E205616970000D0E8 /* ViewController.swift in Sources */ = {isa = PBXBuildFile; fileRef = 8BE4CA1D205616970000D0E8 /* ViewController.swift */; };
		8BE4CA21205616970000D0E8 /* Main.storyboard in Resources */ = {isa = PBXBuildFile; fileRef = 8BE4CA1F205616970000D0E8 /* Main.storyboard */; };
		8BE4CA23205616970000D0E8 /* Assets.xcassets in Resources */ = {isa = PBXBuildFile; fileRef = 8BE4CA22205616970000D0E8 /* Assets.xcassets */; };
		8BE4CA26205616970000D0E8 /* LaunchScreen.storyboard in Resources */ = {isa = PBXBuildFile; fileRef = 8BE4CA24205616970000D0E8 /* LaunchScreen.storyboard */; };
		8BE4CA31205616970000D0E8 /* concentrationTests.swift in Sources */ = {isa = PBXBuildFile; fileRef = 8BE4CA30205616970000D0E8 /* concentrationTests.swift */; };
		8BE4CA3C205616970000D0E8 /* concentrationUITests.swift in Sources */ = {isa = PBXBuildFile; fileRef = 8BE4CA3B205616970000D0E8 /* concentrationUITests.swift */; };
/* End PBXBuildFile section */

/* Begin PBXContainerItemProxy section */
		8BE4CA2D205616970000D0E8 /* PBXContainerItemProxy */ = {
			isa = PBXContainerItemProxy;
			containerPortal = 8BE4CA10205616970000D0E8 /* Project object */;
			proxyType = 1;
			remoteGlobalIDString = 8BE4CA17205616970000D0E8;
			remoteInfo = concentration;
		};
		8BE4CA38205616970000D0E8 /* PBXContainerItemProxy */ = {
			isa = PBXContainerItemProxy;
			containerPortal = 8BE4CA10205616970000D0E8 /* Project object */;
			proxyType = 1;
			remoteGlobalIDString = 8BE4CA17205616970000D0E8;
			remoteInfo = concentration;
		};
/* End PBXContainerItemProxy section */

/* Begin PBXFileReference section */
		8B5F945C20572B0900FE660B /* Concentration.swift */ = {isa = PBXFileReference; lastKnownFileType = sourcecode.swift; path = Concentration.swift; sourceTree = "<group>"; };
		8B5F945E20572BC900FE660B /* Card.swift */ = {isa = PBXFileReference; lastKnownFileType = sourcecode.swift; path = Card.swift; sourceTree = "<group>"; };
		8BE4CA18205616970000D0E8 /* concentration.app */ = {isa = PBXFileReference; explicitFileType = wrapper.application; includeInIndex = 0; path = concentration.app; sourceTree = BUILT_PRODUCTS_DIR; };
		8BE4CA1B205616970000D0E8 /* AppDelegate.swift */ = {isa = PBXFileReference; lastKnownFileType = sourcecode.swift; path = AppDelegate.swift; sourceTree = "<group>"; };
		8BE4CA1D205616970000D0E8 /* ViewController.swift */ = {isa = PBXFileReference; lastKnownFileType = sourcecode.swift; path = ViewController.swift; sourceTree = "<group>"; };
		8BE4CA20205616970000D0E8 /* Base */ = {isa = PBXFileReference; lastKnownFileType = file.storyboard; name = Base; path = Base.lproj/Main.storyboard; sourceTree = "<group>"; };
		8BE4CA22205616970000D0E8 /* Assets.xcassets */ = {isa = PBXFileReference; lastKnownFileType = folder.assetcatalog; path = Assets.xcassets; sourceTree = "<group>"; };
		8BE4CA25205616970000D0E8 /* Base */ = {isa = PBXFileReference; lastKnownFileType = file.storyboard; name = Base; path = Base.lproj/LaunchScreen.storyboard; sourceTree = "<group>"; };
		8BE4CA27205616970000D0E8 /* Info.plist */ = {isa = PBXFileReference; lastKnownFileType = text.plist.xml; path = Info.plist; sourceTree = "<group>"; };
		8BE4CA2C205616970000D0E8 /* concentrationTests.xctest */ = {isa = PBXFileReference; explicitFileType = wrapper.cfbundle; includeInIndex = 0; path = concentrationTests.xctest; sourceTree = BUILT_PRODUCTS_DIR; };
		8BE4CA30205616970000D0E8 /* concentrationTests.swift */ = {isa = PBXFileReference; lastKnownFileType = sourcecode.swift; path = concentrationTests.swift; sourceTree = "<group>"; };
		8BE4CA32205616970000D0E8 /* Info.plist */ = {isa = PBXFileReference; lastKnownFileType = text.plist.xml; path = Info.plist; sourceTree = "<group>"; };
		8BE4CA37205616970000D0E8 /* concentrationUITests.xctest */ = {isa = PBXFileReference; explicitFileType = wrapper.cfbundle; includeInIndex = 0; path = concentrationUITests.xctest; sourceTree = BUILT_PRODUCTS_DIR; };
		8BE4CA3B205616970000D0E8 /* concentrationUITests.swift */ = {isa = PBXFileReference; lastKnownFileType = sourcecode.swift; path = concentrationUITests.swift; sourceTree = "<group>"; };
		8BE4CA3D205616970000D0E8 /* Info.plist */ = {isa = PBXFileReference; lastKnownFileType = text.plist.xml; path = Info.plist; sourceTree = "<group>"; };
/* End PBXFileReference section */

/* Begin PBXFrameworksBuildPhase section */
		8BE4CA15205616970000D0E8 /* Frameworks */ = {
			isa = PBXFrameworksBuildPhase;
			buildActionMask = 2147483647;
			files = (
			);
			runOnlyForDeploymentPostprocessing = 0;
		};
		8BE4CA29205616970000D0E8 /* Frameworks */ = {
			isa = PBXFrameworksBuildPhase;
			buildActionMask = 2147483647;
			files = (
			);
			runOnlyForDeploymentPostprocessing = 0;
		};
		8BE4CA34205616970000D0E8 /* Frameworks */ = {
			isa = PBXFrameworksBuildPhase;
			buildActionMask = 2147483647;
			files = (
			);
			runOnlyForDeploymentPostprocessing = 0;
		};
/* End PBXFrameworksBuildPhase section */

/* Begin PBXGroup section */
		8BE4CA0F205616970000D0E8 = {
			isa = PBXGroup;
			children = (
				8BE4CA1A205616970000D0E8 /* concentration */,
				8BE4CA2F205616970000D0E8 /* concentrationTests */,
				8BE4CA3A205616970000D0E8 /* concentrationUITests */,
				8BE4CA19205616970000D0E8 /* Products */,
			);
			sourceTree = "<group>";
		};
		8BE4CA19205616970000D0E8 /* Products */ = {
			isa = PBXGroup;
			children = (
				8BE4CA18205616970000D0E8 /* concentration.app */,
				8BE4CA2C205616970000D0E8 /* concentrationTests.xctest */,
				8BE4CA37205616970000D0E8 /* concentrationUITests.xctest */,
			);
			name = Products;
			sourceTree = "<group>";
		};
		8BE4CA1A205616970000D0E8 /* concentration */ = {
			isa = PBXGroup;
			children = (
				8B5F945C20572B0900FE660B /* Concentration.swift */,
				8B5F945E20572BC900FE660B /* Card.swift */,
				8BE4CA492056177D0000D0E8 /* Supporting Files */,
				8BE4CA1D205616970000D0E8 /* ViewController.swift */,
				8BE4CA1F205616970000D0E8 /* Main.storyboard */,
				8BE4CA27205616970000D0E8 /* Info.plist */,
			);
			path = concentration;
			sourceTree = "<group>";
		};
		8BE4CA2F205616970000D0E8 /* concentrationTests */ = {
			isa = PBXGroup;
			children = (
				8BE4CA30205616970000D0E8 /* concentrationTests.swift */,
				8BE4CA32205616970000D0E8 /* Info.plist */,
			);
			path = concentrationTests;
			sourceTree = "<group>";
		};
		8BE4CA3A205616970000D0E8 /* concentrationUITests */ = {
			isa = PBXGroup;
			children = (
				8BE4CA3B205616970000D0E8 /* concentrationUITests.swift */,
				8BE4CA3D205616970000D0E8 /* Info.plist */,
			);
			path = concentrationUITests;
			sourceTree = "<group>";
		};
		8BE4CA492056177D0000D0E8 /* Supporting Files */ = {
			isa = PBXGroup;
			children = (
				8BE4CA1B205616970000D0E8 /* AppDelegate.swift */,
				8BE4CA22205616970000D0E8 /* Assets.xcassets */,
				8BE4CA24205616970000D0E8 /* LaunchScreen.storyboard */,
			);
			path = "Supporting Files";
			sourceTree = "<group>";
		};
/* End PBXGroup section */

/* Begin PBXNativeTarget section */
		8BE4CA17205616970000D0E8 /* concentration */ = {
			isa = PBXNativeTarget;
			buildConfigurationList = 8BE4CA40205616970000D0E8 /* Build configuration list for PBXNativeTarget "concentration" */;
			buildPhases = (
				8BE4CA14205616970000D0E8 /* Sources */,
				8BE4CA15205616970000D0E8 /* Frameworks */,
				8BE4CA16205616970000D0E8 /* Resources */,
			);
			buildRules = (
			);
			dependencies = (
			);
			name = concentration;
			productName = concentration;
			productReference = 8BE4CA18205616970000D0E8 /* concentration.app */;
			productType = "com.apple.product-type.application";
		};
		8BE4CA2B205616970000D0E8 /* concentrationTests */ = {
			isa = PBXNativeTarget;
			buildConfigurationList = 8BE4CA43205616970000D0E8 /* Build configuration list for PBXNativeTarget "concentrationTests" */;
			buildPhases = (
				8BE4CA28205616970000D0E8 /* Sources */,
				8BE4CA29205616970000D0E8 /* Frameworks */,
				8BE4CA2A205616970000D0E8 /* Resources */,
			);
			buildRules = (
			);
			dependencies = (
				8BE4CA2E205616970000D0E8 /* PBXTargetDependency */,
			);
			name = concentrationTests;
			productName = concentrationTests;
			productReference = 8BE4CA2C205616970000D0E8 /* concentrationTests.xctest */;
			productType = "com.apple.product-type.bundle.unit-test";
		};
		8BE4CA36205616970000D0E8 /* concentrationUITests */ = {
			isa = PBXNativeTarget;
			buildConfigurationList = 8BE4CA46205616970000D0E8 /* Build configuration list for PBXNativeTarget "concentrationUITests" */;
			buildPhases = (
				8BE4CA33205616970000D0E8 /* Sources */,
				8BE4CA34205616970000D0E8 /* Frameworks */,
				8BE4CA35205616970000D0E8 /* Resources */,
			);
			buildRules = (
			);
			dependencies = (
				8BE4CA39205616970000D0E8 /* PBXTargetDependency */,
			);
			name = concentrationUITests;
			productName = concentrationUITests;
			productReference = 8BE4CA37205616970000D0E8 /* concentrationUITests.xctest */;
			productType = "com.apple.product-type.bundle.ui-testing";
		};
/* End PBXNativeTarget section */

/* Begin PBXProject section */
		8BE4CA10205616970000D0E8 /* Project object */ = {
			isa = PBXProject;
			attributes = {
				LastSwiftUpdateCheck = 0920;
				LastUpgradeCheck = 0920;
				ORGANIZATIONNAME = "Ying Liu";
				TargetAttributes = {
					8BE4CA17205616970000D0E8 = {
						CreatedOnToolsVersion = 9.2;
						ProvisioningStyle = Automatic;
					};
					8BE4CA2B205616970000D0E8 = {
						CreatedOnToolsVersion = 9.2;
						ProvisioningStyle = Automatic;
						TestTargetID = 8BE4CA17205616970000D0E8;
					};
					8BE4CA36205616970000D0E8 = {
						CreatedOnToolsVersion = 9.2;
						ProvisioningStyle = Automatic;
						TestTargetID = 8BE4CA17205616970000D0E8;
					};
				};
			};
			buildConfigurationList = 8BE4CA13205616970000D0E8 /* Build configuration list for PBXProject "concentration" */;
			compatibilityVersion = "Xcode 8.0";
			developmentRegion = en;
			hasScannedForEncodings = 0;
			knownRegions = (
				en,
				Base,
			);
			mainGroup = 8BE4CA0F205616970000D0E8;
			productRefGroup = 8BE4CA19205616970000D0E8 /* Products */;
			projectDirPath = "";
			projectRoot = "";
			targets = (
				8BE4CA17205616970000D0E8 /* concentration */,
				8BE4CA2B205616970000D0E8 /* concentrationTests */,
				8BE4CA36205616970000D0E8 /* concentrationUITests */,
			);
		};
/* End PBXProject section */

/* Begin PBXResourcesBuildPhase section */
		8BE4CA16205616970000D0E8 /* Resources */ = {
			isa = PBXResourcesBuildPhase;
			buildActionMask = 2147483647;
			files = (
				8BE4CA26205616970000D0E8 /* LaunchScreen.storyboard in Resources */,
				8BE4CA23205616970000D0E8 /* Assets.xcassets in Resources */,
				8BE4CA21205616970000D0E8 /* Main.storyboard in Resources */,
			);
			runOnlyForDeploymentPostprocessing = 0;
		};
		8BE4CA2A205616970000D0E8 /* Resources */ = {
			isa = PBXResourcesBuildPhase;
			buildActionMask = 2147483647;
			files = (
			);
			runOnlyForDeploymentPostprocessing = 0;
		};
		8BE4CA35205616970000D0E8 /* Resources */ = {
			isa = PBXResourcesBuildPhase;
			buildActionMask = 2147483647;
			files = (
			);
			runOnlyForDeploymentPostprocessing = 0;
		};
/* End PBXResourcesBuildPhase section */

/* Begin PBXSourcesBuildPhase section */
		8BE4CA14205616970000D0E8 /* Sources */ = {
			isa = PBXSourcesBuildPhase;
			buildActionMask = 2147483647;
			files = (
				8BE4CA1E205616970000D0E8 /* ViewController.swift in Sources */,
				8BE4CA1C205616970000D0E8 /* AppDelegate.swift in Sources */,
				8B5F945D20572B0900FE660B /* Concentration.swift in Sources */,
				8B5F945F20572BC900FE660B /* Card.swift in Sources */,
			);
			runOnlyForDeploymentPostprocessing = 0;
		};
		8BE4CA28205616970000D0E8 /* Sources */ = {
			isa = PBXSourcesBuildPhase;
			buildActionMask = 2147483647;
			files = (
				8BE4CA31205616970000D0E8 /* concentrationTests.swift in Sources */,
			);
			runOnlyForDeploymentPostprocessing = 0;
		};
		8BE4CA33205616970000D0E8 /* Sources */ = {
			isa = PBXSourcesBuildPhase;
			buildActionMask = 2147483647;
			files = (
				8BE4CA3C205616970000D0E8 /* concentrationUITests.swift in Sources */,
			);
			runOnlyForDeploymentPostprocessing = 0;
		};
/* End PBXSourcesBuildPhase section */

/* Begin PBXTargetDependency section */
		8BE4CA2E205616970000D0E8 /* PBXTargetDependency */ = {
			isa = PBXTargetDependency;
			target = 8BE4CA17205616970000D0E8 /* concentration */;
			targetProxy = 8BE4CA2D205616970000D0E8 /* PBXContainerItemProxy */;
		};
		8BE4CA39205616970000D0E8 /* PBXTargetDependency */ = {
			isa = PBXTargetDependency;
			target = 8BE4CA17205616970000D0E8 /* concentration */;
			targetProxy = 8BE4CA38205616970000D0E8 /* PBXContainerItemProxy */;
		};
/* End PBXTargetDependency section */

/* Begin PBXVariantGroup section */
		8BE4CA1F205616970000D0E8 /* Main.storyboard */ = {
			isa = PBXVariantGroup;
			children = (
				8BE4CA20205616970000D0E8 /* Base */,
			);
			name = Main.storyboard;
			sourceTree = "<group>";
		};
		8BE4CA24205616970000D0E8 /* LaunchScreen.storyboard */ = {
			isa = PBXVariantGroup;
			children = (
				8BE4CA25205616970000D0E8 /* Base */,
			);
			name = LaunchScreen.storyboard;
			sourceTree = "<group>";
		};
/* End PBXVariantGroup section */

/* Begin XCBuildConfiguration section */
		8BE4CA3E205616970000D0E8 /* Debug */ = {
			isa = XCBuildConfiguration;
			buildSettings = {
				ALWAYS_SEARCH_USER_PATHS = NO;
				CLANG_ANALYZER_NONNULL = YES;
				CLANG_ANALYZER_NUMBER_OBJECT_CONVERSION = YES_AGGRESSIVE;
				CLANG_CXX_LANGUAGE_STANDARD = "gnu++14";
				CLANG_CXX_LIBRARY = "libc++";
				CLANG_ENABLE_MODULES = YES;
				CLANG_ENABLE_OBJC_ARC = YES;
				CLANG_WARN_BLOCK_CAPTURE_AUTORELEASING = YES;
				CLANG_WARN_BOOL_CONVERSION = YES;
				CLANG_WARN_COMMA = YES;
				CLANG_WARN_CONSTANT_CONVERSION = YES;
				CLANG_WARN_DIRECT_OBJC_ISA_USAGE = YES_ERROR;
				CLANG_WARN_DOCUMENTATION_COMMENTS = YES;
				CLANG_WARN_EMPTY_BODY = YES;
				CLANG_WARN_ENUM_CONVERSION = YES;
				CLANG_WARN_INFINITE_RECURSION = YES;
				CLANG_WARN_INT_CONVERSION = YES;
				CLANG_WARN_NON_LITERAL_NULL_CONVERSION = YES;
				CLANG_WARN_OBJC_LITERAL_CONVERSION = YES;
				CLANG_WARN_OBJC_ROOT_CLASS = YES_ERROR;
				CLANG_WARN_RANGE_LOOP_ANALYSIS = YES;
				CLANG_WARN_STRICT_PROTOTYPES = YES;
				CLANG_WARN_SUSPICIOUS_MOVE = YES;
				CLANG_WARN_UNGUARDED_AVAILABILITY = YES_AGGRESSIVE;
				CLANG_WARN_UNREACHABLE_CODE = YES;
				CLANG_WARN__DUPLICATE_METHOD_MATCH = YES;
				CODE_SIGN_IDENTITY = "iPhone Developer";
				COPY_PHASE_STRIP = NO;
				DEBUG_INFORMATION_FORMAT = dwarf;
				ENABLE_STRICT_OBJC_MSGSEND = YES;
				ENABLE_TESTABILITY = YES;
				GCC_C_LANGUAGE_STANDARD = gnu11;
				GCC_DYNAMIC_NO_PIC = NO;
				GCC_NO_COMMON_BLOCKS = YES;
				GCC_OPTIMIZATION_LEVEL = 0;
				GCC_PREPROCESSOR_DEFINITIONS = (
					"DEBUG=1",
					"$(inherited)",
				);
				GCC_WARN_64_TO_32_BIT_CONVERSION = YES;
				GCC_WARN_ABOUT_RETURN_TYPE = YES_ERROR;
				GCC_WARN_UNDECLARED_SELECTOR = YES;
				GCC_WARN_UNINITIALIZED_AUTOS = YES_AGGRESSIVE;
				GCC_WARN_UNUSED_FUNCTION = YES;
				GCC_WARN_UNUSED_VARIABLE = YES;
				IPHONEOS_DEPLOYMENT_TARGET = 11.2;
				MTL_ENABLE_DEBUG_INFO = YES;
				ONLY_ACTIVE_ARCH = YES;
				SDKROOT = iphoneos;
				SWIFT_ACTIVE_COMPILATION_CONDITIONS = DEBUG;
				SWIFT_OPTIMIZATION_LEVEL = "-Onone";
			};
			name = Debug;
		};
		8BE4CA3F205616970000D0E8 /* Release */ = {
			isa = XCBuildConfiguration;
			buildSettings = {
				ALWAYS_SEARCH_USER_PATHS = NO;
				CLANG_ANALYZER_NONNULL = YES;
				CLANG_ANALYZER_NUMBER_OBJECT_CONVERSION = YES_AGGRESSIVE;
				CLANG_CXX_LANGUAGE_STANDARD = "gnu++14";
				CLANG_CXX_LIBRARY = "libc++";
				CLANG_ENABLE_MODULES = YES;
				CLANG_ENABLE_OBJC_ARC = YES;
				CLANG_WARN_BLOCK_CAPTURE_AUTORELEASING = YES;
				CLANG_WARN_BOOL_CONVERSION = YES;
				CLANG_WARN_COMMA = YES;
				CLANG_WARN_CONSTANT_CONVERSION = YES;
				CLANG_WARN_DIRECT_OBJC_ISA_USAGE = YES_ERROR;
				CLANG_WARN_DOCUMENTATION_COMMENTS = YES;
				CLANG_WARN_EMPTY_BODY = YES;
				CLANG_WARN_ENUM_CONVERSION = YES;
				CLANG_WARN_INFINITE_RECURSION = YES;
				CLANG_WARN_INT_CONVERSION = YES;
				CLANG_WARN_NON_LITERAL_NULL_CONVERSION = YES;
				CLANG_WARN_OBJC_LITERAL_CONVERSION = YES;
				CLANG_WARN_OBJC_ROOT_CLASS = YES_ERROR;
				CLANG_WARN_RANGE_LOOP_ANALYSIS = YES;
				CLANG_WARN_STRICT_PROTOTYPES = YES;
				CLANG_WARN_SUSPICIOUS_MOVE = YES;
				CLANG_WARN_UNGUARDED_AVAILABILITY = YES_AGGRESSIVE;
				CLANG_WARN_UNREACHABLE_CODE = YES;
				CLANG_WARN__DUPLICATE_METHOD_MATCH = YES;
				CODE_SIGN_IDENTITY = "iPhone Developer";
				COPY_PHASE_STRIP = NO;
				DEBUG_INFORMATION_FORMAT = "dwarf-with-dsym";
				ENABLE_NS_ASSERTIONS = NO;
				ENABLE_STRICT_OBJC_MSGSEND = YES;
				GCC_C_LANGUAGE_STANDARD = gnu11;
				GCC_NO_COMMON_BLOCKS = YES;
				GCC_WARN_64_TO_32_BIT_CONVERSION = YES;
				GCC_WARN_ABOUT_RETURN_TYPE = YES_ERROR;
				GCC_WARN_UNDECLARED_SELECTOR = YES;
				GCC_WARN_UNINITIALIZED_AUTOS = YES_AGGRESSIVE;
				GCC_WARN_UNUSED_FUNCTION = YES;
				GCC_WARN_UNUSED_VARIABLE = YES;
				IPHONEOS_DEPLOYMENT_TARGET = 11.2;
				MTL_ENABLE_DEBUG_INFO = NO;
				SDKROOT = iphoneos;
				SWIFT_OPTIMIZATION_LEVEL = "-Owholemodule";
				VALIDATE_PRODUCT = YES;
			};
			name = Release;
		};
		8BE4CA41205616970000D0E8 /* Debug */ = {
			isa = XCBuildConfiguration;
			buildSettings = {
				ASSETCATALOG_COMPILER_APPICON_NAME = AppIcon;
				CODE_SIGN_STYLE = Automatic;
				DEVELOPMENT_TEAM = R8S93SRW4N;
				INFOPLIST_FILE = concentration/Info.plist;
				LD_RUNPATH_SEARCH_PATHS = "$(inherited) @executable_path/Frameworks";
				PRODUCT_BUNDLE_IDENTIFIER = edu.dartmouth.cs.concentrationgame.concentration;
				PRODUCT_NAME = "$(TARGET_NAME)";
				SWIFT_VERSION = 4.0;
				TARGETED_DEVICE_FAMILY = "1,2";
			};
			name = Debug;
		};
		8BE4CA42205616970000D0E8 /* Release */ = {
			isa = XCBuildConfiguration;
			buildSettings = {
				ASSETCATALOG_COMPILER_APPICON_NAME = AppIcon;
				CODE_SIGN_STYLE = Automatic;
				DEVELOPMENT_TEAM = R8S93SRW4N;
				INFOPLIST_FILE = concentration/Info.plist;
				LD_RUNPATH_SEARCH_PATHS = "$(inherited) @executable_path/Frameworks";
				PRODUCT_BUNDLE_IDENTIFIER = edu.dartmouth.cs.concentrationgame.concentration;
				PRODUCT_NAME = "$(TARGET_NAME)";
				SWIFT_VERSION = 4.0;
				TARGETED_DEVICE_FAMILY = "1,2";
			};
			name = Release;
		};
		8BE4CA44205616970000D0E8 /* Debug */ = {
			isa = XCBuildConfiguration;
			buildSettings = {
				ALWAYS_EMBED_SWIFT_STANDARD_LIBRARIES = YES;
				BUNDLE_LOADER = "$(TEST_HOST)";
				CODE_SIGN_STYLE = Automatic;
				INFOPLIST_FILE = concentrationTests/Info.plist;
				LD_RUNPATH_SEARCH_PATHS = "$(inherited) @executable_path/Frameworks @loader_path/Frameworks";
				PRODUCT_BUNDLE_IDENTIFIER = edu.dartmouth.cs.concentrationgame.concentrationTests;
				PRODUCT_NAME = "$(TARGET_NAME)";
				SWIFT_VERSION = 4.0;
				TARGETED_DEVICE_FAMILY = "1,2";
				TEST_HOST = "$(BUILT_PRODUCTS_DIR)/concentration.app/concentration";
			};
			name = Debug;
		};
		8BE4CA45205616970000D0E8 /* Release */ = {
			isa = XCBuildConfiguration;
			buildSettings = {
				ALWAYS_EMBED_SWIFT_STANDARD_LIBRARIES = YES;
				BUNDLE_LOADER = "$(TEST_HOST)";
				CODE_SIGN_STYLE = Automatic;
				INFOPLIST_FILE = concentrationTests/Info.plist;
				LD_RUNPATH_SEARCH_PATHS = "$(inherited) @executable_path/Frameworks @loader_path/Frameworks";
				PRODUCT_BUNDLE_IDENTIFIER = edu.dartmouth.cs.concentrationgame.concentrationTests;
				PRODUCT_NAME = "$(TARGET_NAME)";
				SWIFT_VERSION = 4.0;
				TARGETED_DEVICE_FAMILY = "1,2";
				TEST_HOST = "$(BUILT_PRODUCTS_DIR)/concentration.app/concentration";
			};
			name = Release;
		};
		8BE4CA47205616970000D0E8 /* Debug */ = {
			isa = XCBuildConfiguration;
			buildSettings = {
				ALWAYS_EMBED_SWIFT_STANDARD_LIBRARIES = YES;
				CODE_SIGN_STYLE = Automatic;
				INFOPLIST_FILE = concentrationUITests/Info.plist;
				LD_RUNPATH_SEARCH_PATHS = "$(inherited) @executable_path/Frameworks @loader_path/Frameworks";
				PRODUCT_BUNDLE_IDENTIFIER = edu.dartmouth.cs.concentrationgame.concentrationUITests;
				PRODUCT_NAME = "$(TARGET_NAME)";
				SWIFT_VERSION = 4.0;
				TARGETED_DEVICE_FAMILY = "1,2";
				TEST_TARGET_NAME = concentration;
			};
			name = Debug;
		};
		8BE4CA48205616970000D0E8 /* Release */ = {
			isa = XCBuildConfiguration;
			buildSettings = {
				ALWAYS_EMBED_SWIFT_STANDARD_LIBRARIES = YES;
				CODE_SIGN_STYLE = Automatic;
				INFOPLIST_FILE = concentrationUITests/Info.plist;
				LD_RUNPATH_SEARCH_PATHS = "$(inherited) @executable_path/Frameworks @loader_path/Frameworks";
				PRODUCT_BUNDLE_IDENTIFIER = edu.dartmouth.cs.concentrationgame.concentrationUITests;
				PRODUCT_NAME = "$(TARGET_NAME)";
				SWIFT_VERSION = 4.0;
				TARGETED_DEVICE_FAMILY = "1,2";
				TEST_TARGET_NAME = concentration;
			};
			name = Release;
		};
/* End XCBuildConfiguration section */

/* Begin XCConfigurationList section */
		8BE4CA13205616970000D0E8 /* Build configuration list for PBXProject "concentration" */ = {
			isa = XCConfigurationList;
			buildConfigurations = (
				8BE4CA3E205616970000D0E8 /* Debug */,
				8BE4CA3F205616970000D0E8 /* Release */,
			);
			defaultConfigurationIsVisible = 0;
			defaultConfigurationName = Release;
		};
		8BE4CA40205616970000D0E8 /* Build configuration list for PBXNativeTarget "concentration" */ = {
			isa = XCConfigurationList;
			buildConfigurations = (
				8BE4CA41205616970000D0E8 /* Debug */,
				8BE4CA42205616970000D0E8 /* Release */,
			);
			defaultConfigurationIsVisible = 0;
			defaultConfigurationName = Release;
		};
		8BE4CA43205616970000D0E8 /* Build configuration list for PBXNativeTarget "concentrationTests" */ = {
			isa = XCConfigurationList;
			buildConfigurations = (
				8BE4CA44205616970000D0E8 /* Debug */,
				8BE4CA45205616970000D0E8 /* Release */,
			);
			defaultConfigurationIsVisible = 0;
			defaultConfigurationName = Release;
		};
		8BE4CA46205616970000D0E8 /* Build configuration list for PBXNativeTarget "concentrationUITests" */ = {
			isa = XCConfigurationList;
			buildConfigurations = (
				8BE4CA47205616970000D0E8 /* Debug */,
				8BE4CA48205616970000D0E8 /* Release */,
			);
			defaultConfigurationIsVisible = 0;
			defaultConfigurationName = Release;
		};
/* End XCConfigurationList section */
	};
	rootObject = 8BE4CA10205616970000D0E8 /* Project object */;
}
